# Resolved for Python 3.12 on the immutable vLLM 0.21.0 CUDA 13 base.
# The base-image digest pins packages already present (notably torch/vLLM/CUDA).
aiofiles==24.1.0
beautifulsoup4==4.15.0
brotli==1.2.0
cobble==0.1.4
colorlog==6.10.1
et_xmlfile==2.0.0
fast-langdetect==0.2.5
fasttext-predict==0.9.2.4
ffmpy==1.0.0
flatbuffers==25.12.19
ftfy==6.3.1
gradio==6.8.0
gradio-client==2.2.0
gradio-pdf==0.0.24
groovy==0.1.2
httpx-retries==0.6.0
huggingface-hub==0.36.2
json-repair==0.61.4
lxml==6.1.1
magika==1.0.3
mammoth==1.12.0
mineru[core]==3.4.4
mineru-vl-utils==1.0.5
onnxruntime==1.27.0
opencv-python==5.0.0.93
openpyxl==3.1.5
orjson==3.11.9
pandas==3.0.3
pdftext==0.7.1
pyclipper==1.4.0
pydub==0.25.1
pylatexenc==2.10
pypdf==6.14.2
pypdfium2==5.10.1
pypptx-with-oxml==1.0.3
python-docx==1.2.0
python-dotenv==1.2.1
pytz==2026.2
reportlab==5.0.0
robust-downloader==0.0.2
safehttpx==0.1.7
semantic-version==2.10.0
shapely==2.1.2
soupsieve==2.8.4
tomlkit==0.13.3
transformers==4.57.6
wcwidth==0.8.2
xlsxwriter==3.2.9

